
Microsoft Visual Studio Solution File, Format Version 12.00
# Visual Studio 14
VisualStudioVersion = 14.0.24720.0
MinimumVisualStudioVersion = 10.0.40219.1
Project("{FAE04EC0-301F-11D3-BF4B-00C04F79EFBC}") = "MyLearnings", "MyLearnings\MyLearnings.csproj", "{FE1831E2-E72B-4FD3-9893-B14C4BB2DA58}"
EndProject
Project("{FAE04EC0-301F-11D3-BF4B-00C04F79EFBC}") = "MyLearningsTest", "MyLearningsTest\MyLearningsTest.csproj", "{335874F5-292B-46FA-A3A8-33F6EABE722A}"
EndProject
Project("{2150E333-8FDC-42A3-9474-1A3956D46DE8}") = "LearningDocs", "LearningDocs", "{3D695014-7CFB-4B98-93E5-8F053211A24D}"
	ProjectSection(SolutionItems) = preProject
		LearningDocs\DataStructure.one = LearningDocs\DataStructure.one
		LearningDocs\Notes.txt = LearningDocs\Notes.txt
		LearningDocs\References.txt = LearningDocs\References.txt
		LearningDocs\The Technical Interview Cheat Sheet.html = LearningDocs\The Technical Interview Cheat Sheet.html
		LearningDocs\The Technical Interview Cheat Sheet.md = LearningDocs\The Technical Interview Cheat Sheet.md
	EndProjectSection
EndProject
Project("{2150E333-8FDC-42A3-9474-1A3956D46DE8}") = "MSDN", "MSDN", "{267DCCC4-FB4C-4E61-85EF-42799630EFC6}"
	ProjectSection(SolutionItems) = preProject
		LearningDocs\MSDN\Part 1 An Introduction to Data Structures.pdf = LearningDocs\MSDN\Part 1 An Introduction to Data Structures.pdf
		LearningDocs\MSDN\Part 2 The Queue, Stack, and Hashtable.pdf = LearningDocs\MSDN\Part 2 The Queue, Stack, and Hashtable.pdf
		LearningDocs\MSDN\Part 3 Binary Trees and BSTs.pdf = LearningDocs\MSDN\Part 3 Binary Trees and BSTs.pdf
		LearningDocs\MSDN\Part 4 Building a Better Binary Search Tree.pdf = LearningDocs\MSDN\Part 4 Building a Better Binary Search Tree.pdf
		LearningDocs\MSDN\Part 5 From Trees to Graphs.pdf = LearningDocs\MSDN\Part 5 From Trees to Graphs.pdf
		LearningDocs\MSDN\Part 6 Efficiently Representing Sets.pdf = LearningDocs\MSDN\Part 6 Efficiently Representing Sets.pdf
	EndProjectSection
EndProject
Global
	GlobalSection(SolutionConfigurationPlatforms) = preSolution
		Debug|Any CPU = Debug|Any CPU
		Release|Any CPU = Release|Any CPU
	EndGlobalSection
	GlobalSection(ProjectConfigurationPlatforms) = postSolution
		{FE1831E2-E72B-4FD3-9893-B14C4BB2DA58}.Debug|Any CPU.ActiveCfg = Debug|Any CPU
		{FE1831E2-E72B-4FD3-9893-B14C4BB2DA58}.Debug|Any CPU.Build.0 = Debug|Any CPU
		{FE1831E2-E72B-4FD3-9893-B14C4BB2DA58}.Release|Any CPU.ActiveCfg = Release|Any CPU
		{FE1831E2-E72B-4FD3-9893-B14C4BB2DA58}.Release|Any CPU.Build.0 = Release|Any CPU
		{335874F5-292B-46FA-A3A8-33F6EABE722A}.Debug|Any CPU.ActiveCfg = Debug|Any CPU
		{335874F5-292B-46FA-A3A8-33F6EABE722A}.Debug|Any CPU.Build.0 = Debug|Any CPU
		{335874F5-292B-46FA-A3A8-33F6EABE722A}.Release|Any CPU.ActiveCfg = Release|Any CPU
		{335874F5-292B-46FA-A3A8-33F6EABE722A}.Release|Any CPU.Build.0 = Release|Any CPU
	EndGlobalSection
	GlobalSection(SolutionProperties) = preSolution
		HideSolutionNode = FALSE
	EndGlobalSection
	GlobalSection(NestedProjects) = preSolution
		{267DCCC4-FB4C-4E61-85EF-42799630EFC6} = {3D695014-7CFB-4B98-93E5-8F053211A24D}
	EndGlobalSection
EndGlobal
